{
  "pins" : [
    {
      "identity" : "cltokeninputview",
      "kind" : "remoteSourceControl",
      "location" : "https://github.com/dockwa/CLTokenInputView.git",
      "state" : {
        "revision" : "ab47b96686d21528e6c71a3f59f6434e2010aa55",
        "version" : "3.0.0"
      }
    }
  ],
  "version" : 2
}
