{
  "pins" : [
    {
      "identity" : "cltokeninputview",
      "kind" : "remoteSourceControl",
      "location" : "https://github.com/dockwa/CLTokenInputView.git",
      "state" : {
        "branch" : "spm-fix",
        "revision" : "20c5997400b295a5167bf277478a3e89b1855986"
      }
    }
  ],
  "version" : 2
}
